
Microsoft Visual Studio Solution File, Format Version 12.00
# Visual Studio Version 16
VisualStudioVersion = 16.0.29306.81
MinimumVisualStudioVersion = 10.0.40219.1
Project("{FAE04EC0-301F-11D3-BF4B-00C04F79EFBC}") = "test", "test.csproj", "{DEF16741-6E14-4B1F-A3EA-6317FEB08087}"
EndProject
Global
	GlobalSection(SolutionConfigurationPlatforms) = preSolution
		Debug|Any CPU = Debug|Any CPU
		Release|Any CPU = Release|Any CPU
	EndGlobalSection
	GlobalSection(ProjectConfigurationPlatforms) = postSolution
		{DEF16741-6E14-4B1F-A3EA-6317FEB08087}.Debug|Any CPU.ActiveCfg = Debug|Any CPU
		{DEF16741-6E14-4B1F-A3EA-6317FEB08087}.Debug|Any CPU.Build.0 = Debug|Any CPU
		{DEF16741-6E14-4B1F-A3EA-6317FEB08087}.Release|Any CPU.ActiveCfg = Release|Any CPU
		{DEF16741-6E14-4B1F-A3EA-6317FEB08087}.Release|Any CPU.Build.0 = Release|Any CPU
	EndGlobalSection
	GlobalSection(SolutionProperties) = preSolution
		HideSolutionNode = FALSE
	EndGlobalSection
	GlobalSection(ExtensibilityGlobals) = postSolution
		SolutionGuid = {58301698-4B47-4006-B21F-D0421B9CEF1C}
	EndGlobalSection
EndGlobal
